
Microsoft Visual Studio Solution File, Format Version 12.00
# Visual Studio Version 17
VisualStudioVersion = 17.2.32616.157
MinimumVisualStudioVersion = 10.0.40219.1
Project("{2150E333-8FDC-42A3-9474-1A3956D46DE8}") = "TestSystem", "TestSystem", "{33909336-EB13-4106-B2A7-C616DF81836F}"
EndProject
Project("{2150E333-8FDC-42A3-9474-1A3956D46DE8}") = "Authorization", "Authorization", "{BCD328D3-B78D-4432-AE4E-A8C293E8C77A}"
EndProject
Project("{9A19103F-16F7-4668-BE54-9A1E7A4F7556}") = "Contracts", "Authorization\Contracts\Contracts.csproj", "{48548FF2-1FBA-406B-A0A8-D2BDF9BDEFB1}"
EndProject
Project("{9A19103F-16F7-4668-BE54-9A1E7A4F7556}") = "Domain", "Authorization\Domain\Domain.csproj", "{51299EFD-5B0B-49D7-A260-B9D069828F93}"
EndProject
Project("{9A19103F-16F7-4668-BE54-9A1E7A4F7556}") = "Infrastructure", "Authorization\Infrastructure\Infrastructure.csproj", "{C3841991-9CF0-4E6A-8727-F792F293C07B}"
EndProject
Project("{9A19103F-16F7-4668-BE54-9A1E7A4F7556}") = "Application", "Authorization\Application\Application.csproj", "{26F034D4-BD1E-40C9-A64C-D1A05D3DF576}"
EndProject
Project("{E53339B2-1760-4266-BCC7-CA923CBCF16C}") = "docker-compose", "docker-compose.dcproj", "{F1D5AE91-FDA0-4F73-8DDD-4315361D494C}"
EndProject
Project("{9A19103F-16F7-4668-BE54-9A1E7A4F7556}") = "Specs", "Authorization\Specs\Specs.csproj", "{13FBC2DC-957C-4547-B0AA-CB92585FB44C}"
EndProject
Project("{2150E333-8FDC-42A3-9474-1A3956D46DE8}") = "Project", "Project", "{650C1CAA-0A76-49B2-9350-CC975564BD8C}"
	ProjectSection(SolutionItems) = preProject
		README.md = README.md
	EndProjectSection
EndProject
Project("{9A19103F-16F7-4668-BE54-9A1E7A4F7556}") = "WebApp", "Authorization\WebApp\WebApp.csproj", "{4E5F6D6C-94C5-432E-8F90-EB2BFF49FEC9}"
EndProject
Project("{2150E333-8FDC-42A3-9474-1A3956D46DE8}") = "ProtectedResources", "ProtectedResources", "{B71F849E-FD90-49A2-BAD1-4C47F47FA747}"
EndProject
Project("{2150E333-8FDC-42A3-9474-1A3956D46DE8}") = "WeatherService", "WeatherService", "{69D4DFDB-BFB2-4809-8FBF-D86D73CDFEB2}"
EndProject
Project("{2150E333-8FDC-42A3-9474-1A3956D46DE8}") = "Web", "Web", "{9EE45B8C-AE30-4BF3-ADE0-808C77CD3EC6}"
EndProject
Project("{2150E333-8FDC-42A3-9474-1A3956D46DE8}") = "Blazor.BFF", "Blazor.BFF", "{44A20102-5D51-45FA-B78C-3B1FFDDC5AEC}"
EndProject
Project("{9A19103F-16F7-4668-BE54-9A1E7A4F7556}") = "Api", "TestSystem\ProtectedResources\WeatherService\Api\Api.csproj", "{0C88808C-9860-4A8F-A3D8-54EF6321F756}"
EndProject
Project("{9A19103F-16F7-4668-BE54-9A1E7A4F7556}") = "Contracts", "TestSystem\ProtectedResources\WeatherService\Contracts\Contracts.csproj", "{3C59A00A-DFDA-4916-9F2B-2A51E43C4D48}"
EndProject
Project("{9A19103F-16F7-4668-BE54-9A1E7A4F7556}") = "Client", "TestSystem\SinglePage\Client\Client.csproj", "{F3CF1777-F460-491E-A7EB-6355FA180772}"
EndProject
Project("{9A19103F-16F7-4668-BE54-9A1E7A4F7556}") = "Server", "TestSystem\SinglePage\Server\Server.csproj", "{834D1582-936B-451C-9F0F-7C42CF8D7686}"
EndProject
Project("{9A19103F-16F7-4668-BE54-9A1E7A4F7556}") = "App", "TestSystem\Web\App.csproj", "{947E6BD9-BD1C-4B73-A010-DFDB3B53F1EE}"
EndProject
Project("{2150E333-8FDC-42A3-9474-1A3956D46DE8}") = "Svelte.BFF", "Svelte.BFF", "{7ADD1651-FCAD-4FEE-B98E-49894BFE91EC}"
EndProject
Project("{9A19103F-16F7-4668-BE54-9A1E7A4F7556}") = "Api", "TestSystem\Svelte.BFF\Api\Api.csproj", "{0B97B111-AA67-49DC-8304-504E23C808A2}"
EndProject
Global
	GlobalSection(SolutionConfigurationPlatforms) = preSolution
		Debug|Any CPU = Debug|Any CPU
		Release|Any CPU = Release|Any CPU
	EndGlobalSection
	GlobalSection(ProjectConfigurationPlatforms) = postSolution
		{48548FF2-1FBA-406B-A0A8-D2BDF9BDEFB1}.Debug|Any CPU.ActiveCfg = Debug|Any CPU
		{48548FF2-1FBA-406B-A0A8-D2BDF9BDEFB1}.Debug|Any CPU.Build.0 = Debug|Any CPU
		{48548FF2-1FBA-406B-A0A8-D2BDF9BDEFB1}.Release|Any CPU.ActiveCfg = Release|Any CPU
		{48548FF2-1FBA-406B-A0A8-D2BDF9BDEFB1}.Release|Any CPU.Build.0 = Release|Any CPU
		{51299EFD-5B0B-49D7-A260-B9D069828F93}.Debug|Any CPU.ActiveCfg = Debug|Any CPU
		{51299EFD-5B0B-49D7-A260-B9D069828F93}.Debug|Any CPU.Build.0 = Debug|Any CPU
		{51299EFD-5B0B-49D7-A260-B9D069828F93}.Release|Any CPU.ActiveCfg = Release|Any CPU
		{51299EFD-5B0B-49D7-A260-B9D069828F93}.Release|Any CPU.Build.0 = Release|Any CPU
		{C3841991-9CF0-4E6A-8727-F792F293C07B}.Debug|Any CPU.ActiveCfg = Debug|Any CPU
		{C3841991-9CF0-4E6A-8727-F792F293C07B}.Debug|Any CPU.Build.0 = Debug|Any CPU
		{C3841991-9CF0-4E6A-8727-F792F293C07B}.Release|Any CPU.ActiveCfg = Release|Any CPU
		{C3841991-9CF0-4E6A-8727-F792F293C07B}.Release|Any CPU.Build.0 = Release|Any CPU
		{26F034D4-BD1E-40C9-A64C-D1A05D3DF576}.Debug|Any CPU.ActiveCfg = Debug|Any CPU
		{26F034D4-BD1E-40C9-A64C-D1A05D3DF576}.Debug|Any CPU.Build.0 = Debug|Any CPU
		{26F034D4-BD1E-40C9-A64C-D1A05D3DF576}.Release|Any CPU.ActiveCfg = Release|Any CPU
		{26F034D4-BD1E-40C9-A64C-D1A05D3DF576}.Release|Any CPU.Build.0 = Release|Any CPU
		{F1D5AE91-FDA0-4F73-8DDD-4315361D494C}.Debug|Any CPU.ActiveCfg = Debug|Any CPU
		{F1D5AE91-FDA0-4F73-8DDD-4315361D494C}.Debug|Any CPU.Build.0 = Debug|Any CPU
		{F1D5AE91-FDA0-4F73-8DDD-4315361D494C}.Release|Any CPU.ActiveCfg = Release|Any CPU
		{F1D5AE91-FDA0-4F73-8DDD-4315361D494C}.Release|Any CPU.Build.0 = Release|Any CPU
		{13FBC2DC-957C-4547-B0AA-CB92585FB44C}.Debug|Any CPU.ActiveCfg = Debug|Any CPU
		{13FBC2DC-957C-4547-B0AA-CB92585FB44C}.Debug|Any CPU.Build.0 = Debug|Any CPU
		{13FBC2DC-957C-4547-B0AA-CB92585FB44C}.Release|Any CPU.ActiveCfg = Release|Any CPU
		{13FBC2DC-957C-4547-B0AA-CB92585FB44C}.Release|Any CPU.Build.0 = Release|Any CPU
		{4E5F6D6C-94C5-432E-8F90-EB2BFF49FEC9}.Debug|Any CPU.ActiveCfg = Debug|Any CPU
		{4E5F6D6C-94C5-432E-8F90-EB2BFF49FEC9}.Debug|Any CPU.Build.0 = Debug|Any CPU
		{4E5F6D6C-94C5-432E-8F90-EB2BFF49FEC9}.Release|Any CPU.ActiveCfg = Release|Any CPU
		{4E5F6D6C-94C5-432E-8F90-EB2BFF49FEC9}.Release|Any CPU.Build.0 = Release|Any CPU
		{0C88808C-9860-4A8F-A3D8-54EF6321F756}.Debug|Any CPU.ActiveCfg = Debug|Any CPU
		{0C88808C-9860-4A8F-A3D8-54EF6321F756}.Debug|Any CPU.Build.0 = Debug|Any CPU
		{0C88808C-9860-4A8F-A3D8-54EF6321F756}.Release|Any CPU.ActiveCfg = Release|Any CPU
		{0C88808C-9860-4A8F-A3D8-54EF6321F756}.Release|Any CPU.Build.0 = Release|Any CPU
		{3C59A00A-DFDA-4916-9F2B-2A51E43C4D48}.Debug|Any CPU.ActiveCfg = Debug|Any CPU
		{3C59A00A-DFDA-4916-9F2B-2A51E43C4D48}.Debug|Any CPU.Build.0 = Debug|Any CPU
		{3C59A00A-DFDA-4916-9F2B-2A51E43C4D48}.Release|Any CPU.ActiveCfg = Release|Any CPU
		{3C59A00A-DFDA-4916-9F2B-2A51E43C4D48}.Release|Any CPU.Build.0 = Release|Any CPU
		{F3CF1777-F460-491E-A7EB-6355FA180772}.Debug|Any CPU.ActiveCfg = Debug|Any CPU
		{F3CF1777-F460-491E-A7EB-6355FA180772}.Debug|Any CPU.Build.0 = Debug|Any CPU
		{F3CF1777-F460-491E-A7EB-6355FA180772}.Release|Any CPU.ActiveCfg = Release|Any CPU
		{F3CF1777-F460-491E-A7EB-6355FA180772}.Release|Any CPU.Build.0 = Release|Any CPU
		{834D1582-936B-451C-9F0F-7C42CF8D7686}.Debug|Any CPU.ActiveCfg = Debug|Any CPU
		{834D1582-936B-451C-9F0F-7C42CF8D7686}.Debug|Any CPU.Build.0 = Debug|Any CPU
		{834D1582-936B-451C-9F0F-7C42CF8D7686}.Release|Any CPU.ActiveCfg = Release|Any CPU
		{834D1582-936B-451C-9F0F-7C42CF8D7686}.Release|Any CPU.Build.0 = Release|Any CPU
		{947E6BD9-BD1C-4B73-A010-DFDB3B53F1EE}.Debug|Any CPU.ActiveCfg = Debug|Any CPU
		{947E6BD9-BD1C-4B73-A010-DFDB3B53F1EE}.Debug|Any CPU.Build.0 = Debug|Any CPU
		{947E6BD9-BD1C-4B73-A010-DFDB3B53F1EE}.Release|Any CPU.ActiveCfg = Release|Any CPU
		{947E6BD9-BD1C-4B73-A010-DFDB3B53F1EE}.Release|Any CPU.Build.0 = Release|Any CPU
		{0B97B111-AA67-49DC-8304-504E23C808A2}.Debug|Any CPU.ActiveCfg = Debug|Any CPU
		{0B97B111-AA67-49DC-8304-504E23C808A2}.Debug|Any CPU.Build.0 = Debug|Any CPU
		{0B97B111-AA67-49DC-8304-504E23C808A2}.Release|Any CPU.ActiveCfg = Release|Any CPU
		{0B97B111-AA67-49DC-8304-504E23C808A2}.Release|Any CPU.Build.0 = Release|Any CPU
	EndGlobalSection
	GlobalSection(SolutionProperties) = preSolution
		HideSolutionNode = FALSE
	EndGlobalSection
	GlobalSection(NestedProjects) = preSolution
		{48548FF2-1FBA-406B-A0A8-D2BDF9BDEFB1} = {BCD328D3-B78D-4432-AE4E-A8C293E8C77A}
		{51299EFD-5B0B-49D7-A260-B9D069828F93} = {BCD328D3-B78D-4432-AE4E-A8C293E8C77A}
		{C3841991-9CF0-4E6A-8727-F792F293C07B} = {BCD328D3-B78D-4432-AE4E-A8C293E8C77A}
		{26F034D4-BD1E-40C9-A64C-D1A05D3DF576} = {BCD328D3-B78D-4432-AE4E-A8C293E8C77A}
		{13FBC2DC-957C-4547-B0AA-CB92585FB44C} = {BCD328D3-B78D-4432-AE4E-A8C293E8C77A}
		{4E5F6D6C-94C5-432E-8F90-EB2BFF49FEC9} = {BCD328D3-B78D-4432-AE4E-A8C293E8C77A}
		{B71F849E-FD90-49A2-BAD1-4C47F47FA747} = {33909336-EB13-4106-B2A7-C616DF81836F}
		{69D4DFDB-BFB2-4809-8FBF-D86D73CDFEB2} = {B71F849E-FD90-49A2-BAD1-4C47F47FA747}
		{9EE45B8C-AE30-4BF3-ADE0-808C77CD3EC6} = {33909336-EB13-4106-B2A7-C616DF81836F}
		{44A20102-5D51-45FA-B78C-3B1FFDDC5AEC} = {33909336-EB13-4106-B2A7-C616DF81836F}
		{0C88808C-9860-4A8F-A3D8-54EF6321F756} = {69D4DFDB-BFB2-4809-8FBF-D86D73CDFEB2}
		{3C59A00A-DFDA-4916-9F2B-2A51E43C4D48} = {69D4DFDB-BFB2-4809-8FBF-D86D73CDFEB2}
		{F3CF1777-F460-491E-A7EB-6355FA180772} = {44A20102-5D51-45FA-B78C-3B1FFDDC5AEC}
		{834D1582-936B-451C-9F0F-7C42CF8D7686} = {44A20102-5D51-45FA-B78C-3B1FFDDC5AEC}
		{947E6BD9-BD1C-4B73-A010-DFDB3B53F1EE} = {9EE45B8C-AE30-4BF3-ADE0-808C77CD3EC6}
		{7ADD1651-FCAD-4FEE-B98E-49894BFE91EC} = {33909336-EB13-4106-B2A7-C616DF81836F}
		{0B97B111-AA67-49DC-8304-504E23C808A2} = {7ADD1651-FCAD-4FEE-B98E-49894BFE91EC}
	EndGlobalSection
	GlobalSection(ExtensibilityGlobals) = postSolution
		SolutionGuid = {5E721746-A084-48EC-B88A-E51671D78E21}
	EndGlobalSection
EndGlobal
