
Microsoft Visual Studio Solution File, Format Version 12.00
# Visual Studio Version 17
VisualStudioVersion = 17.2.32616.157
MinimumVisualStudioVersion = 10.0.40219.1
Project("{2150E333-8FDC-42A3-9474-1A3956D46DE8}") = "TestSystem", "TestSystem", "{33909336-EB13-4106-B2A7-C616DF81836F}"
EndProject
Project("{2150E333-8FDC-42A3-9474-1A3956D46DE8}") = "Authorization", "Authorization", "{BCD328D3-B78D-4432-AE4E-A8C293E8C77A}"
EndProject
Project("{9A19103F-16F7-4668-BE54-9A1E7A4F7556}") = "Contracts", "Authorization\Contracts\Contracts.csproj", "{48548FF2-1FBA-406B-A0A8-D2BDF9BDEFB1}"
EndProject
Project("{9A19103F-16F7-4668-BE54-9A1E7A4F7556}") = "Domain", "Authorization\Domain\Domain.csproj", "{51299EFD-5B0B-49D7-A260-B9D069828F93}"
EndProject
Project("{9A19103F-16F7-4668-BE54-9A1E7A4F7556}") = "Api", "Authorization\Api\Api.csproj", "{CC360764-CFC5-4D2E-A0A9-09DA6D60C482}"
EndProject
Project("{9A19103F-16F7-4668-BE54-9A1E7A4F7556}") = "Infrastructure", "Authorization\Infrastructure\Infrastructure.csproj", "{C3841991-9CF0-4E6A-8727-F792F293C07B}"
EndProject
Project("{9A19103F-16F7-4668-BE54-9A1E7A4F7556}") = "Application", "Authorization\Application\Application.csproj", "{26F034D4-BD1E-40C9-A64C-D1A05D3DF576}"
EndProject
Project("{E53339B2-1760-4266-BCC7-CA923CBCF16C}") = "docker-compose", "docker-compose.dcproj", "{F1D5AE91-FDA0-4F73-8DDD-4315361D494C}"
EndProject
Project("{FAE04EC0-301F-11D3-BF4B-00C04F79EFBC}") = "Specs", "Authorization\Specs\Specs.csproj", "{13FBC2DC-957C-4547-B0AA-CB92585FB44C}"
EndProject
Global
	GlobalSection(SolutionConfigurationPlatforms) = preSolution
		Debug|Any CPU = Debug|Any CPU
		Release|Any CPU = Release|Any CPU
	EndGlobalSection
	GlobalSection(ProjectConfigurationPlatforms) = postSolution
		{48548FF2-1FBA-406B-A0A8-D2BDF9BDEFB1}.Debug|Any CPU.ActiveCfg = Debug|Any CPU
		{48548FF2-1FBA-406B-A0A8-D2BDF9BDEFB1}.Debug|Any CPU.Build.0 = Debug|Any CPU
		{48548FF2-1FBA-406B-A0A8-D2BDF9BDEFB1}.Release|Any CPU.ActiveCfg = Release|Any CPU
		{48548FF2-1FBA-406B-A0A8-D2BDF9BDEFB1}.Release|Any CPU.Build.0 = Release|Any CPU
		{51299EFD-5B0B-49D7-A260-B9D069828F93}.Debug|Any CPU.ActiveCfg = Debug|Any CPU
		{51299EFD-5B0B-49D7-A260-B9D069828F93}.Debug|Any CPU.Build.0 = Debug|Any CPU
		{51299EFD-5B0B-49D7-A260-B9D069828F93}.Release|Any CPU.ActiveCfg = Release|Any CPU
		{51299EFD-5B0B-49D7-A260-B9D069828F93}.Release|Any CPU.Build.0 = Release|Any CPU
		{CC360764-CFC5-4D2E-A0A9-09DA6D60C482}.Debug|Any CPU.ActiveCfg = Debug|Any CPU
		{CC360764-CFC5-4D2E-A0A9-09DA6D60C482}.Debug|Any CPU.Build.0 = Debug|Any CPU
		{CC360764-CFC5-4D2E-A0A9-09DA6D60C482}.Release|Any CPU.ActiveCfg = Release|Any CPU
		{CC360764-CFC5-4D2E-A0A9-09DA6D60C482}.Release|Any CPU.Build.0 = Release|Any CPU
		{C3841991-9CF0-4E6A-8727-F792F293C07B}.Debug|Any CPU.ActiveCfg = Debug|Any CPU
		{C3841991-9CF0-4E6A-8727-F792F293C07B}.Debug|Any CPU.Build.0 = Debug|Any CPU
		{C3841991-9CF0-4E6A-8727-F792F293C07B}.Release|Any CPU.ActiveCfg = Release|Any CPU
		{C3841991-9CF0-4E6A-8727-F792F293C07B}.Release|Any CPU.Build.0 = Release|Any CPU
		{26F034D4-BD1E-40C9-A64C-D1A05D3DF576}.Debug|Any CPU.ActiveCfg = Debug|Any CPU
		{26F034D4-BD1E-40C9-A64C-D1A05D3DF576}.Debug|Any CPU.Build.0 = Debug|Any CPU
		{26F034D4-BD1E-40C9-A64C-D1A05D3DF576}.Release|Any CPU.ActiveCfg = Release|Any CPU
		{26F034D4-BD1E-40C9-A64C-D1A05D3DF576}.Release|Any CPU.Build.0 = Release|Any CPU
		{F1D5AE91-FDA0-4F73-8DDD-4315361D494C}.Debug|Any CPU.ActiveCfg = Debug|Any CPU
		{F1D5AE91-FDA0-4F73-8DDD-4315361D494C}.Debug|Any CPU.Build.0 = Debug|Any CPU
		{F1D5AE91-FDA0-4F73-8DDD-4315361D494C}.Release|Any CPU.ActiveCfg = Release|Any CPU
		{F1D5AE91-FDA0-4F73-8DDD-4315361D494C}.Release|Any CPU.Build.0 = Release|Any CPU
		{13FBC2DC-957C-4547-B0AA-CB92585FB44C}.Debug|Any CPU.ActiveCfg = Debug|Any CPU
		{13FBC2DC-957C-4547-B0AA-CB92585FB44C}.Debug|Any CPU.Build.0 = Debug|Any CPU
		{13FBC2DC-957C-4547-B0AA-CB92585FB44C}.Release|Any CPU.ActiveCfg = Release|Any CPU
		{13FBC2DC-957C-4547-B0AA-CB92585FB44C}.Release|Any CPU.Build.0 = Release|Any CPU
	EndGlobalSection
	GlobalSection(SolutionProperties) = preSolution
		HideSolutionNode = FALSE
	EndGlobalSection
	GlobalSection(NestedProjects) = preSolution
		{48548FF2-1FBA-406B-A0A8-D2BDF9BDEFB1} = {BCD328D3-B78D-4432-AE4E-A8C293E8C77A}
		{51299EFD-5B0B-49D7-A260-B9D069828F93} = {BCD328D3-B78D-4432-AE4E-A8C293E8C77A}
		{CC360764-CFC5-4D2E-A0A9-09DA6D60C482} = {BCD328D3-B78D-4432-AE4E-A8C293E8C77A}
		{C3841991-9CF0-4E6A-8727-F792F293C07B} = {BCD328D3-B78D-4432-AE4E-A8C293E8C77A}
		{26F034D4-BD1E-40C9-A64C-D1A05D3DF576} = {BCD328D3-B78D-4432-AE4E-A8C293E8C77A}
		{13FBC2DC-957C-4547-B0AA-CB92585FB44C} = {BCD328D3-B78D-4432-AE4E-A8C293E8C77A}
	EndGlobalSection
	GlobalSection(ExtensibilityGlobals) = postSolution
		SolutionGuid = {5E721746-A084-48EC-B88A-E51671D78E21}
	EndGlobalSection
EndGlobal
