
Microsoft Visual Studio Solution File, Format Version 12.00
# Visual Studio Version 17
VisualStudioVersion = 17.3.32825.248
MinimumVisualStudioVersion = 10.0.40219.1
Project("{9A19103F-16F7-4668-BE54-9A1E7A4F7556}") = "Application", "Authorization\Application\Application.csproj", "{182DEB93-B6E6-43B3-A92E-D4F918DD8C2B}"
EndProject
Project("{2150E333-8FDC-42A3-9474-1A3956D46DE8}") = "Authorization", "Authorization", "{F2A561FD-5A71-4A2E-9B89-AC175662E834}"
EndProject
Project("{9A19103F-16F7-4668-BE54-9A1E7A4F7556}") = "Domain", "Authorization\Domain\Domain.csproj", "{1E805EE1-7D70-4931-9826-9B2EA301A4C3}"
EndProject
Project("{9A19103F-16F7-4668-BE54-9A1E7A4F7556}") = "Infrastructure", "Authorization\Infrastructure\Infrastructure.csproj", "{251DB077-78B8-4E72-913A-E3EF9C887447}"
EndProject
Project("{9A19103F-16F7-4668-BE54-9A1E7A4F7556}") = "Specs", "Authorization\Specs\Specs.csproj", "{18324B84-CB8D-4F9B-A2F2-4A3D4B2FC1FD}"
EndProject
Project("{9A19103F-16F7-4668-BE54-9A1E7A4F7556}") = "WebApp", "Authorization\WebApp\WebApp.csproj", "{7D7E03FA-08FE-4F79-95AB-21F1717483A4}"
EndProject
Project("{2150E333-8FDC-42A3-9474-1A3956D46DE8}") = "Clients", "Clients", "{39434E92-EAC6-49B0-B1F1-258329AFC6CC}"
EndProject
Project("{2150E333-8FDC-42A3-9474-1A3956D46DE8}") = "Svelte.BFF", "Svelte.BFF", "{878329A5-A84C-4C21-BD30-391334A9071C}"
EndProject
Project("{9A19103F-16F7-4668-BE54-9A1E7A4F7556}") = "Api", "Clients\Svelte.BFF\Api\Api.csproj", "{1D11562B-18E2-49DE-A080-C00A8D1C1847}"
EndProject
Project("{2150E333-8FDC-42A3-9474-1A3956D46DE8}") = "WebApp", "WebApp", "{58306FD2-16F3-40AD-A596-BD7054A7426F}"
EndProject
Project("{2150E333-8FDC-42A3-9474-1A3956D46DE8}") = "Blazor.BFF", "Blazor.BFF", "{B44A3096-FBE8-4066-9E93-94D351CC6934}"
EndProject
Project("{9A19103F-16F7-4668-BE54-9A1E7A4F7556}") = "Server", "Clients\Blazor.BFF\Server\Server.csproj", "{AFE047B2-53F4-47EC-A37B-D95291ECD656}"
EndProject
Project("{9A19103F-16F7-4668-BE54-9A1E7A4F7556}") = "Client", "Clients\Blazor.BFF\Client\Client.csproj", "{37B017F8-05CF-47F4-A495-FC6F23E68B4F}"
EndProject
Project("{9A19103F-16F7-4668-BE54-9A1E7A4F7556}") = "App", "Clients\WebApp\App.csproj", "{3A3ABA75-0811-4148-8136-AF72A90E8DD0}"
EndProject
Project("{2150E333-8FDC-42A3-9474-1A3956D46DE8}") = "ProtectedResources", "ProtectedResources", "{D669A71C-EAE1-4345-99ED-88517ABDA077}"
EndProject
Project("{2150E333-8FDC-42A3-9474-1A3956D46DE8}") = "WeatherService", "WeatherService", "{A0CDB450-2BAA-4618-8B25-E4E76EB44A5B}"
EndProject
Project("{9A19103F-16F7-4668-BE54-9A1E7A4F7556}") = "Api", "ProtectedResources\WeatherService\Api\Api.csproj", "{B7513F62-57CC-425C-BA09-4C35817357BD}"
EndProject
Project("{9A19103F-16F7-4668-BE54-9A1E7A4F7556}") = "Contracts", "ProtectedResources\WeatherService\Contracts\Contracts.csproj", "{D7C79E0C-0F15-4B49-B245-0C16C2F289D8}"
EndProject
Project("{2150E333-8FDC-42A3-9474-1A3956D46DE8}") = "Project", "Project", "{18393FEE-3CFC-4D7E-A7FB-6A6482DF492B}"
	ProjectSection(SolutionItems) = preProject
		CODE_OF_CONDUCT.md = CODE_OF_CONDUCT.md
		README.md = README.md
	EndProjectSection
EndProject
Project("{2150E333-8FDC-42A3-9474-1A3956D46DE8}") = "Worker", "Worker", "{3B2F9A07-D144-4854-B32D-72D32CC29F3F}"
EndProject
Project("{9A19103F-16F7-4668-BE54-9A1E7A4F7556}") = "WorkerService", "Clients\WorkerService\WorkerService.csproj", "{B04DA1CA-F9D2-40C2-9EFF-34FDDCAFB05F}"
EndProject
Global
	GlobalSection(SolutionConfigurationPlatforms) = preSolution
		Debug|Any CPU = Debug|Any CPU
		Release|Any CPU = Release|Any CPU
	EndGlobalSection
	GlobalSection(ProjectConfigurationPlatforms) = postSolution
		{182DEB93-B6E6-43B3-A92E-D4F918DD8C2B}.Debug|Any CPU.ActiveCfg = Debug|Any CPU
		{182DEB93-B6E6-43B3-A92E-D4F918DD8C2B}.Debug|Any CPU.Build.0 = Debug|Any CPU
		{182DEB93-B6E6-43B3-A92E-D4F918DD8C2B}.Release|Any CPU.ActiveCfg = Release|Any CPU
		{182DEB93-B6E6-43B3-A92E-D4F918DD8C2B}.Release|Any CPU.Build.0 = Release|Any CPU
		{1E805EE1-7D70-4931-9826-9B2EA301A4C3}.Debug|Any CPU.ActiveCfg = Debug|Any CPU
		{1E805EE1-7D70-4931-9826-9B2EA301A4C3}.Debug|Any CPU.Build.0 = Debug|Any CPU
		{1E805EE1-7D70-4931-9826-9B2EA301A4C3}.Release|Any CPU.ActiveCfg = Release|Any CPU
		{1E805EE1-7D70-4931-9826-9B2EA301A4C3}.Release|Any CPU.Build.0 = Release|Any CPU
		{251DB077-78B8-4E72-913A-E3EF9C887447}.Debug|Any CPU.ActiveCfg = Debug|Any CPU
		{251DB077-78B8-4E72-913A-E3EF9C887447}.Debug|Any CPU.Build.0 = Debug|Any CPU
		{251DB077-78B8-4E72-913A-E3EF9C887447}.Release|Any CPU.ActiveCfg = Release|Any CPU
		{251DB077-78B8-4E72-913A-E3EF9C887447}.Release|Any CPU.Build.0 = Release|Any CPU
		{18324B84-CB8D-4F9B-A2F2-4A3D4B2FC1FD}.Debug|Any CPU.ActiveCfg = Debug|Any CPU
		{18324B84-CB8D-4F9B-A2F2-4A3D4B2FC1FD}.Debug|Any CPU.Build.0 = Debug|Any CPU
		{18324B84-CB8D-4F9B-A2F2-4A3D4B2FC1FD}.Release|Any CPU.ActiveCfg = Release|Any CPU
		{18324B84-CB8D-4F9B-A2F2-4A3D4B2FC1FD}.Release|Any CPU.Build.0 = Release|Any CPU
		{7D7E03FA-08FE-4F79-95AB-21F1717483A4}.Debug|Any CPU.ActiveCfg = Debug|Any CPU
		{7D7E03FA-08FE-4F79-95AB-21F1717483A4}.Debug|Any CPU.Build.0 = Debug|Any CPU
		{7D7E03FA-08FE-4F79-95AB-21F1717483A4}.Release|Any CPU.ActiveCfg = Release|Any CPU
		{7D7E03FA-08FE-4F79-95AB-21F1717483A4}.Release|Any CPU.Build.0 = Release|Any CPU
		{1D11562B-18E2-49DE-A080-C00A8D1C1847}.Debug|Any CPU.ActiveCfg = Debug|Any CPU
		{1D11562B-18E2-49DE-A080-C00A8D1C1847}.Debug|Any CPU.Build.0 = Debug|Any CPU
		{1D11562B-18E2-49DE-A080-C00A8D1C1847}.Release|Any CPU.ActiveCfg = Release|Any CPU
		{1D11562B-18E2-49DE-A080-C00A8D1C1847}.Release|Any CPU.Build.0 = Release|Any CPU
		{AFE047B2-53F4-47EC-A37B-D95291ECD656}.Debug|Any CPU.ActiveCfg = Debug|Any CPU
		{AFE047B2-53F4-47EC-A37B-D95291ECD656}.Debug|Any CPU.Build.0 = Debug|Any CPU
		{AFE047B2-53F4-47EC-A37B-D95291ECD656}.Release|Any CPU.ActiveCfg = Release|Any CPU
		{AFE047B2-53F4-47EC-A37B-D95291ECD656}.Release|Any CPU.Build.0 = Release|Any CPU
		{37B017F8-05CF-47F4-A495-FC6F23E68B4F}.Debug|Any CPU.ActiveCfg = Debug|Any CPU
		{37B017F8-05CF-47F4-A495-FC6F23E68B4F}.Debug|Any CPU.Build.0 = Debug|Any CPU
		{37B017F8-05CF-47F4-A495-FC6F23E68B4F}.Release|Any CPU.ActiveCfg = Release|Any CPU
		{37B017F8-05CF-47F4-A495-FC6F23E68B4F}.Release|Any CPU.Build.0 = Release|Any CPU
		{3A3ABA75-0811-4148-8136-AF72A90E8DD0}.Debug|Any CPU.ActiveCfg = Debug|Any CPU
		{3A3ABA75-0811-4148-8136-AF72A90E8DD0}.Debug|Any CPU.Build.0 = Debug|Any CPU
		{3A3ABA75-0811-4148-8136-AF72A90E8DD0}.Release|Any CPU.ActiveCfg = Release|Any CPU
		{3A3ABA75-0811-4148-8136-AF72A90E8DD0}.Release|Any CPU.Build.0 = Release|Any CPU
		{B7513F62-57CC-425C-BA09-4C35817357BD}.Debug|Any CPU.ActiveCfg = Debug|Any CPU
		{B7513F62-57CC-425C-BA09-4C35817357BD}.Debug|Any CPU.Build.0 = Debug|Any CPU
		{B7513F62-57CC-425C-BA09-4C35817357BD}.Release|Any CPU.ActiveCfg = Release|Any CPU
		{B7513F62-57CC-425C-BA09-4C35817357BD}.Release|Any CPU.Build.0 = Release|Any CPU
		{D7C79E0C-0F15-4B49-B245-0C16C2F289D8}.Debug|Any CPU.ActiveCfg = Debug|Any CPU
		{D7C79E0C-0F15-4B49-B245-0C16C2F289D8}.Debug|Any CPU.Build.0 = Debug|Any CPU
		{D7C79E0C-0F15-4B49-B245-0C16C2F289D8}.Release|Any CPU.ActiveCfg = Release|Any CPU
		{D7C79E0C-0F15-4B49-B245-0C16C2F289D8}.Release|Any CPU.Build.0 = Release|Any CPU
		{B04DA1CA-F9D2-40C2-9EFF-34FDDCAFB05F}.Debug|Any CPU.ActiveCfg = Debug|Any CPU
		{B04DA1CA-F9D2-40C2-9EFF-34FDDCAFB05F}.Debug|Any CPU.Build.0 = Debug|Any CPU
		{B04DA1CA-F9D2-40C2-9EFF-34FDDCAFB05F}.Release|Any CPU.ActiveCfg = Release|Any CPU
		{B04DA1CA-F9D2-40C2-9EFF-34FDDCAFB05F}.Release|Any CPU.Build.0 = Release|Any CPU
	EndGlobalSection
	GlobalSection(SolutionProperties) = preSolution
		HideSolutionNode = FALSE
	EndGlobalSection
	GlobalSection(NestedProjects) = preSolution
		{182DEB93-B6E6-43B3-A92E-D4F918DD8C2B} = {F2A561FD-5A71-4A2E-9B89-AC175662E834}
		{1E805EE1-7D70-4931-9826-9B2EA301A4C3} = {F2A561FD-5A71-4A2E-9B89-AC175662E834}
		{251DB077-78B8-4E72-913A-E3EF9C887447} = {F2A561FD-5A71-4A2E-9B89-AC175662E834}
		{18324B84-CB8D-4F9B-A2F2-4A3D4B2FC1FD} = {F2A561FD-5A71-4A2E-9B89-AC175662E834}
		{7D7E03FA-08FE-4F79-95AB-21F1717483A4} = {F2A561FD-5A71-4A2E-9B89-AC175662E834}
		{878329A5-A84C-4C21-BD30-391334A9071C} = {39434E92-EAC6-49B0-B1F1-258329AFC6CC}
		{1D11562B-18E2-49DE-A080-C00A8D1C1847} = {878329A5-A84C-4C21-BD30-391334A9071C}
		{58306FD2-16F3-40AD-A596-BD7054A7426F} = {39434E92-EAC6-49B0-B1F1-258329AFC6CC}
		{B44A3096-FBE8-4066-9E93-94D351CC6934} = {39434E92-EAC6-49B0-B1F1-258329AFC6CC}
		{AFE047B2-53F4-47EC-A37B-D95291ECD656} = {B44A3096-FBE8-4066-9E93-94D351CC6934}
		{37B017F8-05CF-47F4-A495-FC6F23E68B4F} = {B44A3096-FBE8-4066-9E93-94D351CC6934}
		{3A3ABA75-0811-4148-8136-AF72A90E8DD0} = {58306FD2-16F3-40AD-A596-BD7054A7426F}
		{A0CDB450-2BAA-4618-8B25-E4E76EB44A5B} = {D669A71C-EAE1-4345-99ED-88517ABDA077}
		{B7513F62-57CC-425C-BA09-4C35817357BD} = {A0CDB450-2BAA-4618-8B25-E4E76EB44A5B}
		{D7C79E0C-0F15-4B49-B245-0C16C2F289D8} = {A0CDB450-2BAA-4618-8B25-E4E76EB44A5B}
		{3B2F9A07-D144-4854-B32D-72D32CC29F3F} = {39434E92-EAC6-49B0-B1F1-258329AFC6CC}
		{B04DA1CA-F9D2-40C2-9EFF-34FDDCAFB05F} = {3B2F9A07-D144-4854-B32D-72D32CC29F3F}
	EndGlobalSection
	GlobalSection(ExtensibilityGlobals) = postSolution
		SolutionGuid = {35950B1F-C5E1-4227-8946-7874424B4A16}
	EndGlobalSection
EndGlobal
